site               ${BLOCK_PATH}/site               git@github.com:imma/site               91d39ce1c6c6ab14a2c82c813dcb727e5d11cba8 v20170617 
jq                 ${BLOCK_PATH}/jq                 git@github.com:imma/jq                 e2484892c3f73aa8f0b60ae2b2a84cda494b0bc6 v20170617 
shflags            ${BLOCK_PATH}/shflags            git@github.com:imma/shflags            a05166fedaf8481d2ff856591f4f50257d12521b v20170617 
normalize          ${BLOCK_PATH}/normalize          git@github.com:imma/normalize          ca938498f15fe070268e89b5ec405bdef58308b4 v20170617 
bash-preexec       ${BLOCK_PATH}/bash-preexec       git@github.com:imma/bash-preexec       8658d4be458078d00b65cb5f34c6e79d27fd6c4e v20170617 
sub                ${BLOCK_PATH}/sub                git@github.com:imma/sub                965ea7814819ca8c9c679c083c34e5d63e240719 v20170617 
runmany            ${BLOCK_PATH}/runmany            git@github.com:imma/runmany            accaecc59f399d48a4c41bd45660d692223724ef v20170617 
block              ${BLOCK_PATH}/block              git@github.com:imma/block              50d69d1eb040b15b9da5ebdf48b2c61012ddef1f v20170617 
instance           ${BLOCK_PATH}/instance           git@github.com:imma/instance           7f7d726ab81f7ebcc0eb3b65d78052fa9973dc59 v20170617 
base               ${BLOCK_PATH}/base               git@github.com:imma/base               d5fef23f3f58d2cde1a01b2a8c2ede45f26ca01f v20170617 
ubuntu-config      ${BLOCK_PATH}/ubuntu-config      git@github.com:imma/ubuntu-config      2c9df7ca88a58df87ea1fb592a4d9023905ac84f v20170617 
homebrew           ${BLOCK_PATH}/homebrew           git@github.com:imma/homebrew           d82ec312c5a57aba7e747343f3f3b438ceb51338 v20170617 
java               ${BLOCK_PATH}/java               git@github.com:imma/java               b3dc9f6cd55e6d6dd2e26991d51ff7683352b15c v20170617 
pkgsrc             ${BLOCK_PATH}/pkgsrc             git@github.com:imma/pkgsrc             5285b5ea1e2a1ba135ad4821e10dee669c73a21b v20170617 
pyenv              ${BLOCK_PATH}/pyenv              git@github.com:imma/pyenv              49ad53e8867d822500f9b2c9d23a8692459e4de1 v20170617 
python             ${BLOCK_PATH}/python             git@github.com:imma/python             42356bb5f25ae4b6a3e5ea11484574845bdcde99 v20170617 
py27               ${BLOCK_PATH}/py27               git@github.com:imma/py27               a33988bbcea4be7e3f6f3aa017d28744a56ff6b1 v20170617 
ansible            ${BLOCK_PATH}/ansible            git@github.com:imma/ansible            aeb252d1c67da5d58a3a33879ebbe632a554f68a v20170617 
cache              ${BLOCK_PATH}/cache              git@github.com:imma/cache              1d3b700827162d63a6602102305f7746b969b84e v20170617 
inventory          ${BLOCK_PATH}/inventory          git@github.com:imma/inventory          3a3b82e471d6a6d8053dc75ce63ee871124a62d1 v20170617 
deploy             ${BLOCK_PATH}/deploy             git@github.com:imma/deploy             f43102a38a6d09e7072b82801f8cb258aa5222cd v20170617 
htop               ${BLOCK_PATH}/htop               git@github.com:imma/htop               cf92384d5a503fac1e5bb9d96a9eb298190eb11a v20170617 
sysadmin           ${BLOCK_PATH}/sysadmin           git@github.com:imma/sysadmin           fd4d22971331137fe3f6a94a5564aaf1e9655d0d v20170617 
make               ${BLOCK_PATH}/make               git@github.com:imma/make               b8d7809048005955e97f22bcc7a3a84dacc84172 v20170617 
jqq                ${BLOCK_PATH}/jqq                git@github.com:imma/jqq                01d45b37ca08e79040f9d5330be357a23637337c v20170617 
rbenv              ${BLOCK_PATH}/rbenv              git@github.com:imma/rbenv              566a2bc87eec93004e926beef018715247e904e0 v20170617 
ruby               ${BLOCK_PATH}/ruby               git@github.com:imma/ruby               d87d4b3775d616ab3d8146705bd55631af9b6ddb v20170617 
curl               ${BLOCK_PATH}/curl               git@github.com:imma/curl               d9de7d46a87aa27b7ce9b4b34a44737b29a08cc9 v20170617 
nvm                ${BLOCK_PATH}/nvm                git@github.com:imma/nvm                662146c0d5f7ea34c9b0022adc65a8aa30187c4a v20170617 
node               ${BLOCK_PATH}/node               git@github.com:imma/node               b18ef96aa36adc9c2096ed2b417b1fa9fd9ee729 v20170617 
yarn               ${BLOCK_PATH}/yarn               git@github.com:imma/yarn               e02bb24daf7eecd5b2564b2096c4ef8edfc0f112 v20170617 
bash4              ${BLOCK_PATH}/bash4              git@github.com:imma/bash4              6698310a0e04ae4daed8085242d6ab06812cedf2 v20170617 
py36               ${BLOCK_PATH}/py36               git@github.com:imma/py36               05fa6a5de435dca9dbb678b8afbdadd1a2667a99 v20170617 
go                 ${BLOCK_PATH}/go                 git@github.com:imma/go                 fd13d429b389910dbac7ca7d03747b7be26e0395 v20170617 
grpc               ${BLOCK_PATH}/grpc               git@github.com:imma/grpc               941faea43805e99654f3dd06588b91c7b235a7fe v20170617 
rust               ${BLOCK_PATH}/rust               git@github.com:imma/rust               b6fbb6f27ef7acfc6fc1a320e6ffb8435f475cd2 v20170617 
tfenv              ${BLOCK_PATH}/tfenv              git@github.com:imma/tfenv              b792a0b7a984cece082398a448770c09f3f68794 v20170617 
vmm                ${BLOCK_PATH}/vmm                git@github.com:imma/vmm                210942cc7e077bdbb41e923531cecc4bd08f38f7 v20170617 
lang               ${BLOCK_PATH}/lang               git@github.com:imma/lang               049387b400264c27422eb04d6aaa6b70f3aa5148 v20170617 
runit              ${BLOCK_PATH}/runit              git@github.com:imma/runit              32c12c4a9eb2a6b132c422a49aea9dabfb0639e0 v20170617 
service            ${BLOCK_PATH}/service            git@github.com:imma/service            e3055ba6cdd373c8f97eef9469fc7e43fc35f22f v20170617 
sshd               ${BLOCK_PATH}/sshd               git@github.com:imma/sshd               cf1b3c298f79842025fffcb1d7d32960e1f6ebc7 v20170617 
facts              ${BLOCK_PATH}/facts              git@github.com:imma/facts              b636f89374da959488421214c07f48eeace7c223 v20170617 
consul             ${BLOCK_PATH}/consul             git@github.com:imma/consul             b070c3293810ab415a0267ed7917d39343dbc70b v20170617 
consul-agent       ${BLOCK_PATH}/consul-agent       git@github.com:imma/consul-agent       e835f4d6ca8146f510ec4b53059f8d7761212617 v20170617 
consul-server      ${BLOCK_PATH}/consul-server      git@github.com:imma/consul-server      f0afb48fb6ba3f6dcdf9af30f2f4574e9dbb6576 v20170617 
etcd               ${BLOCK_PATH}/etcd               git@github.com:imma/etcd               75ce81f07dae1a3ae559386d3f8da17230cea481 v20170617 
linkerd            ${BLOCK_PATH}/linkerd            git@github.com:imma/linkerd            0e8555446db6633bd1490ac4a789ce9aada80f78 v20170617 
namerd             ${BLOCK_PATH}/namerd             git@github.com:imma/namerd             535e3bef7b2c9727c413c3f727ba6dbbdf8b21d8 v20170617 
fabio              ${BLOCK_PATH}/fabio              git@github.com:imma/fabio              8e90b768a758280963dcfd7fea4fc9f82f230297 v20170617 
syslog-ng          ${BLOCK_PATH}/syslog-ng          git@github.com:imma/syslog-ng          83666e718adeea3cd08a31f85ad8b818d07faf3a v20170617 
openresty          ${BLOCK_PATH}/openresty          git@github.com:imma/openresty          34a6aa65059352b0dc00c772ed864532670b91fa v20170617 
kong               ${BLOCK_PATH}/kong               git@github.com:imma/kong               6b04c2e6353856c943c7b9f8b38bb36d875b7750 v20170617 
chalice            ${BLOCK_PATH}/chalice            git@github.com:imma/chalice            2ae89077ce616e1ea8abf11dfc5ad17275f30e39 v20170617 
context            ${BLOCK_PATH}/context            git@github.com:imma/context            edaced91a1fe73abd74c370dcc53a72c95bfabbc v20170617 
parity             ${BLOCK_PATH}/parity             git@github.com:imma/parity             71ba46f4bfe28602fc50e399733761429b16b409 v20170617 
docker-compose     ${BLOCK_PATH}/docker-compose     git@github.com:imma/docker-compose     a4c71c30e0c334ee630c6af685b9b79a66727cb6 v20170617 
docker-machine     ${BLOCK_PATH}/docker-machine     git@github.com:imma/docker-machine     f1bfceca23b786c1899de0d25d493d2534837c9e v20170617 
docker             ${BLOCK_PATH}/docker             git@github.com:imma/docker             60214158d369e1bb1800a7b4733243c1a0e264e5 v20170617 
postgresql         ${BLOCK_PATH}/postgresql         git@github.com:imma/postgresql         a438f69083d0ec49c7aa60fcc33ce85c997ea5ee v20170617 
jenkins            ${BLOCK_PATH}/jenkins            git@github.com:imma/jenkins            7fc869e130d8a85c73f3b96070f440d7bcff93ce v20170617 
drone              ${BLOCK_PATH}/drone              git@github.com:imma/drone              4dbe022405ff00bb1028ca25094c47df9649c4e7 v20170617 
codecommit         ${BLOCK_PATH}/codecommit         git@github.com:imma/codecommit         4571a4b6db51629504275c786a47fe849533cdce v20170617 
git                ${BLOCK_PATH}/git                git@github.com:imma/git                a89862c51112dbcc727568c2eb828d7f32d85e54 v20170617 
github             ${BLOCK_PATH}/github             git@github.com:imma/github             a0bcf69caed92ad67ba318f8b61a9fd7da90ef92 v20170617 
inspec             ${BLOCK_PATH}/inspec             git@github.com:imma/inspec             2e8d04a31bd1c433d3917be886e4075b095b5dbe v20170617 
kitchen            ${BLOCK_PATH}/kitchen            git@github.com:imma/kitchen            4833f50df42174212a30bf248cf94b7b3c6fabb1 v20170617 
cicd               ${BLOCK_PATH}/cicd               git@github.com:imma/cicd               a564a25104ab18b95d5ab1fd1965ea068a4c2af1 v20170617 
aws-vault          ${BLOCK_PATH}/aws-vault          git@github.com:imma/aws-vault          e87c79546f2f4381dddd71804cab3ea5c76472eb v20170617 
chamber            ${BLOCK_PATH}/chamber            git@github.com:imma/chamber            9ec067e055fc0710742afc6947b89b71042fa052 v20170617 
awless             ${BLOCK_PATH}/awless             git@github.com:imma/awless             8135de3aa3765baedc09fdee0a518e56795ad137 v20170617 
credstash          ${BLOCK_PATH}/credstash          git@github.com:imma/credstash          a5351c7533d39e10c7b08e1fec46d71d34ed3356 v20170617 
aws                ${BLOCK_PATH}/aws                git@github.com:imma/aws                1ff2b1889fb66968636d0df3c1908628e5b761af v20170617 
awesome            ${BLOCK_PATH}/awesome            git@github.com:imma/awesome            c54afa804e55897954d2484b82de01763e2df4ab v20170617 
packet             ${BLOCK_PATH}/packet             git@github.com:imma/packet             1d0da8288db173e5a4aa5b1348b82397a4a75274 v20170617 
digitalocean       ${BLOCK_PATH}/digitalocean       git@github.com:imma/digitalocean       dedf3d3f950896f738e035017ab554a05f07985e v20170617 
heroku             ${BLOCK_PATH}/heroku             git@github.com:imma/heroku             cb1a8aaac314726790475b1689983fc6c3dc0762 v20170617 
eb                 ${BLOCK_PATH}/eb                 git@github.com:imma/eb                 471fcd51e6f4215ae547134541a2a6f201e9c99b v20170617 
ecs                ${BLOCK_PATH}/ecs                git@github.com:imma/ecs                5f8672dbcd2f2e911613b27d7a5f0c124e3e3b57 v20170617 
cloud              ${BLOCK_PATH}/cloud              git@github.com:imma/cloud              ff6b4eda84b616a536fbaf85862d2e5be9a390a2 v20170617 
imma               ${BLOCK_PATH}/imma               git@github.com:imma/imma               34af2967784805c67bb87bba1e002dbe5948a4e1 v20170617 
chef               ${BLOCK_PATH}/chef               git@github.com:imma/chef               4765da5b8231c412a15bd6da1946314834999bfb v20170617 
netdata            ${BLOCK_PATH}/netdata            git@github.com:imma/netdata            c19ca9110fd0dcf3a5cf218319c3fb3ff5bd6f42 v20170617 
monitor            ${BLOCK_PATH}/monitor            git@github.com:imma/monitor            5ae926e7e2f4a26908950bc967b1b5eec1edbc94 v20170617 
gpg                ${BLOCK_PATH}/gpg                git@github.com:imma/gpg                86f8d8e62e20b260db3d2c81c4b20237d8547dce v20170617 
git-crypt          ${BLOCK_PATH}/git-crypt          git@github.com:imma/git-crypt          fa25ecc72a3b1db01559186fd5049438fbd9037d v20170617 
cfssl              ${BLOCK_PATH}/cfssl              git@github.com:imma/cfssl              4c6d50457b51465e1e1c98e84b0e59f234e53fae v20170617 
getssl             ${BLOCK_PATH}/getssl             git@github.com:imma/getssl             5e5dd1dc68cb6a9e13dbf84cee81faf614c2db80 v20170617 
cryfs              ${BLOCK_PATH}/cryfs              git@github.com:imma/cryfs              330f61df608a7ebbed9c14b0b46ecc7c75058539 v20170617 
yubikey            ${BLOCK_PATH}/yubikey            git@github.com:imma/yubikey            e61eefba7e95e16643a36a88a80e26a1f6c9a9f4 v20170617 
kmsauth            ${BLOCK_PATH}/kmsauth            git@github.com:imma/kmsauth            a8cd1881ec955a1fe928b79db3ee3966f8dac3d7 v20170617 
easy-rsa           ${BLOCK_PATH}/easy-rsa           git@github.com:imma/easy-rsa           7e8ffd9f5b3c5bc7ee91ff50629f2668dea1b9b1 v20170617 
openvpn            ${BLOCK_PATH}/openvpn            git@github.com:imma/openvpn            4f75a50d417e692ccdfe9397f3d57be872732609 v20170617 
zerotier           ${BLOCK_PATH}/zerotier           git@github.com:imma/zerotier           2335abb80faee7160b3a0b6cf7f094464ba03c41 v20170617 
ipfs               ${BLOCK_PATH}/ipfs               git@github.com:imma/ipfs               dc590ee28db128cbc6316bbe59176fdf96029e43 v20170617 
vault              ${BLOCK_PATH}/vault              git@github.com:imma/vault              c7835f697001feb66ef98e5d2f9cbe40bb80cb2c v20170617 
crypto             ${BLOCK_PATH}/crypto             git@github.com:imma/crypto             bb288745c83fed2a8739e581cfad4d6230e30183 v20170617 
packer             ${BLOCK_PATH}/packer             git@github.com:imma/packer             e5f160079537ace6b2354cfb96dbe2a4ddabc147 v20170617 
dream              ${BLOCK_PATH}/dream              git@github.com:imma/dream              0bc2b553288b8e3a64a5498b73094fd2bcdb4c6d v20170617 
vagrant            ${BLOCK_PATH}/vagrant            git@github.com:imma/vagrant            513eab632ff887bda779bd172e30ff76feebc47b v20170617 
limbo              ${BLOCK_PATH}/limbo              git@github.com:imma/limbo              7078c86f35f79e89082ca8106d0add06b7d5df0c v20170617 
inception          ${BLOCK_PATH}/inception          git@github.com:imma/inception          c41630295bc0390ead91a50b994648ed3d3ac66a v20170617 
terraform          ${BLOCK_PATH}/terraform          git@github.com:imma/terraform          dd1059623a11b295322ad8e9d6a10b13abb25871 v20170617 
wtf                ${BLOCK_PATH}/wtf                git@github.com:imma/wtf                ce82579491b6d72e48f164d3dd3143785b047641 v20170617 
fogg-cli           ${BLOCK_PATH}/fogg-cli           git@github.com:imma/fogg-cli           ae9b0567a3aea1f90b2fba3f3128647b11b29219 v20170617 
fogg               ${BLOCK_PATH}/fogg               git@github.com:imma/fogg               a81b18fd2947061970b8008ec776777e9424c521 v20170617 
hugo               ${BLOCK_PATH}/hugo               git@github.com:imma/hugo               3d7baf26ac212c95b3e02bc32a4aa6f592f3504d v20170617 
hugo-material-docs ${BLOCK_PATH}/hugo-material-docs git@github.com:imma/hugo-material-docs 4ca7bc271f76df5211eaa646626931e92bde285e v20170617 
beautifulhugo      ${BLOCK_PATH}/beautifulhugo      git@github.com:imma/beautifulhugo      86a11793042f4f4d1b79bdeee85fc556f1888e67 v20170617 
asciinema          ${BLOCK_PATH}/asciinema          git@github.com:imma/asciinema          5637eed21ceb809dcd6f00251621cd32a7621bec v20170617 
docs               ${BLOCK_PATH}/docs               git@github.com:imma/docs               2fe2a655d97fa5fbfb533d930f7b9164af52c7f9 v20170617 
build              ${BLOCK_PATH}/build              git@github.com:imma/build              ddbd90fee698c69b2004861f5ab3120e294563a9 v20170617 
home               ${BLOCK_PATH}/home               git@github.com:imma/home               6c03cbc4b1221318af204b44c3ff746e7613fb3a v20170617 
talign             ${BLOCK_PATH}/talign             git@github.com:imma/talign             fdc4b75ebc28512392abd1c865ee31d73917b1d4 v20170617 
defn               ${BLOCK_PATH}/defn               git@github.com:imma/defn               8380a2c7a052d5b305aec0a8444cf39b08429fa0 v20170617 
junas              ${BLOCK_PATH}/junas              git@github.com:imma/junas              946e89113dfbeb27ee64d61bb6a4245126e28e28 v20170617 
irssi              ${BLOCK_PATH}/irssi              git@github.com:imma/irssi              acd2afe4839c95aa02a9c3161b3db53172841762 v20170617 
bitlbee            ${BLOCK_PATH}/bitlbee            git@github.com:imma/bitlbee            ca15ce92909cd07c10893ac53181840d7900a5a5 v20170617 
chat               ${BLOCK_PATH}/chat               git@github.com:imma/chat               9a1eb09590088e4d3e6a1a62c18ca31f45afd490 v20170617 
cue                ${BLOCK_PATH}/cue                git@github.com:imma/cue                914938ce83636174944136113064f31de959ce93 v20170617 
tmux               ${BLOCK_PATH}/tmux               git@github.com:imma/tmux               dd6306ee0081667416baea843a2fddcd99aff5b5 v20170617 
example            ${BLOCK_PATH}/example            git@github.com:imma/example            580f6f9d333e36657fd7f90cee7c6d61e9108c36 v20170617 
nothing            ${BLOCK_PATH}/nothing            git@github.com:imma/nothing            1f27fe2f0afd06bb09bd9f1c79cfc2dc687daff4 v20170617 
app                ${BLOCK_PATH}/app                git@github.com:imma/app                47ab136a9a390857a8f141fe7e7d2638db62026e v20170617 
lock               ${BLOCK_PATH}/lock               git@github.com:imma/lock               4b253152b30da698cf08a86fc1bc5ab3c0a40994 v20170617 
nat                ${BLOCK_PATH}/nat                git@github.com:imma/nat                ecd5239a7bd67711a205ce075f49acb85fff2107 v20170617 
rat                ${BLOCK_PATH}/rat                git@github.com:imma/rat                7971c407a1b3596cce4f1f4725f9c57a048f1d83 v20170617 
ftl                ${BLOCK_PATH}/ftl                git@github.com:imma/ftl                b89bfb22aa12e097a0222426f199f4fb2dd5903c v20170617 
se                 ${BLOCK_PATH}/se                 git@github.com:imma/se                 78699f306d0372c6606ba13be72f2e9e2d73f10b v20170617 
haihero            ${BLOCK_PATH}/haihero            git@github.com:imma/haihero            1678e309499d300e72d55cd1837e7f63ff676790 v20170617 
gotty              ${BLOCK_PATH}/gotty              git@github.com:imma/gotty              a6fad2b1562124e0869480734f14a2e0a8adf99a v20170617 
cookiecutter       ${BLOCK_PATH}/cookiecutter       git@github.com:imma/cookiecutter       26eb5f557ecebf9e06bda0c1e6e042c89b3488fb v20170617 
fogg-tf            ${BLOCK_PATH}/fogg-tf            git@github.com:imma/fogg-tf            1c836b08a55d6cc76001d4f46f182ae6f09df454 v20170617 
imma-tf            ${BLOCK_PATH}/imma-tf            git@github.com:imma/imma-tf            32f4f9cda2f5e91ff863eea0bcca06a1eb90828f v20170617 
registrator        ${BLOCK_PATH}/registrator        git@github.com:imma/registrator        d8ca29a43f5d465fbaaf76d6e4a47462004608a8 v20170617 
