jq             ${BLOCK_PATH}/jq             git@github.com:imma/jq             939d2d22f8d6148d15476a839b8b80093bc390c2 v20170617 
shflags        ${BLOCK_PATH}/shflags        git@github.com:imma/shflags        588c0b9025e37c34f082aea5a2caf7461f68ca11 v20170617 
normalize      ${BLOCK_PATH}/normalize      git@github.com:imma/normalize      2d0271c9ce9cc2e5b92aae6f7cc56f8b4dbe6193 v20170617 
bash-preexec   ${BLOCK_PATH}/bash-preexec   git@github.com:imma/bash-preexec   14971620ead7aae465d700ccb236d811131bf4fd v20170617 
sub            ${BLOCK_PATH}/sub            git@github.com:imma/sub            d451a5b8d80966dbe0a9f11e4a514207ab34d7b3 v20170617 
runmany        ${BLOCK_PATH}/runmany        git@github.com:imma/runmany        c1e251bdf423282b29c11db428e0d5b712adef7e v20170617 
block          ${BLOCK_PATH}/block          git@github.com:imma/block          5bb4d7b23c2da5a4d853502c4f048bbbd8300246 v20170617 
instance       ${BLOCK_PATH}/instance       git@github.com:imma/instance       be0f454ce683a4572e028c3a1f18299cfd234bc1 v20170617 
base           ${BLOCK_PATH}/base           git@github.com:imma/base           4816f2362ddea5f2844e5015762c9413aae907a7 v20170617 
ubuntu-config  ${BLOCK_PATH}/ubuntu-config  git@github.com:imma/ubuntu-config  f10ee2ef81d7dacae1aa5f59531c73141ca632fe v20170617 
homebrew       ${BLOCK_PATH}/homebrew       git@github.com:imma/homebrew       fefa3f9839ce7ddb195fb0e236f135107df038fa v20170617 
java           ${BLOCK_PATH}/java           git@github.com:imma/java           0fa6f7e9b2e748e4c87de15447b820a0152ca639 v20170617 
pkgsrc         ${BLOCK_PATH}/pkgsrc         git@github.com:imma/pkgsrc         bc0212b20d7fd4885ca256d8f5363cc2bb70f880 v20170617 
python         ${BLOCK_PATH}/python         git@github.com:imma/python         98c099fd6ae460671f3699e434d0feeae0e7188f v20170617 
ansible        ${BLOCK_PATH}/ansible        git@github.com:imma/ansible        221e63c8ada0664f6ec0e66f1cb14548cd2ceecd v20170617 
cache          ${BLOCK_PATH}/cache          git@github.com:imma/cache          ad401e5608e98edfc580834b64c210e1f268a1a9 v20170617 
inventory      ${BLOCK_PATH}/inventory      git@github.com:imma/inventory      b7e8edce542330782d62d854b5acddf0e634aea9 v20170617 
deploy         ${BLOCK_PATH}/deploy         git@github.com:imma/deploy         d9b1c780412f8d7758ec51aeedda5b6fbc193a7c v20170617 
htop           ${BLOCK_PATH}/htop           git@github.com:imma/htop           971659b476f3d50c01a41ada5655d870237d1f67 v20170617 
sysadmin       ${BLOCK_PATH}/sysadmin       git@github.com:imma/sysadmin       35fa59112f1dd2c42644aca49a90c130b8a8c4db v20170617 
rbenv          ${BLOCK_PATH}/rbenv          git@github.com:imma/rbenv          15abbe88023c04be7670d55949e5c1ba44f81769 v20170617 
ruby           ${BLOCK_PATH}/ruby           git@github.com:imma/ruby           113d2f7b9f84450b6d1f54ececdf42ee105e5fd2 v20170617 
curl           ${BLOCK_PATH}/curl           git@github.com:imma/curl           2372974d7dafe106435aebc57722c8a6ca17b15e v20170617 
nodeenv        ${BLOCK_PATH}/nodeenv        git@github.com:imma/nodeenv        7dcb40bc977cc83b0cdfa903824a6d54201edd21 v20170617 
node           ${BLOCK_PATH}/node           git@github.com:imma/node           ea1bc30f0935773fffa98c2fceef619b03f9ff9b v20170617 
yarn           ${BLOCK_PATH}/yarn           git@github.com:imma/yarn           607ce0fff249ae33b4ac649f73762430d730890a v20170617 
bash4          ${BLOCK_PATH}/bash4          git@github.com:imma/bash4          05cf9222fc5aa954822ca75345b9f276db4a38b6 v20170617 
jqq            ${BLOCK_PATH}/jqq            git@github.com:imma/jqq            a36bcaa962339c61bd605fcb366dfb2a077fcb6a v20170617 
runit          ${BLOCK_PATH}/runit          git@github.com:imma/runit          684bc2d3688fb466b763053929b1dff0367dce8c v20170617 
service        ${BLOCK_PATH}/service        git@github.com:imma/service        7ab1620e879138df13265a2ce4ef8409e9529c3f v20170617 
sshd           ${BLOCK_PATH}/sshd           git@github.com:imma/sshd           8841803c46e4c6eff510962fd88efc47008987a2 v20170617 
facts          ${BLOCK_PATH}/facts          git@github.com:imma/facts          d0c788bbf95ca7db87bde6e13eabd893be522129 v20170617 
consul         ${BLOCK_PATH}/consul         git@github.com:imma/consul         d80455812e53e6e6beb7b6c83807b06d9e9d49cf v20170617 
consul-agent   ${BLOCK_PATH}/consul-agent   git@github.com:imma/consul-agent   f26e57866055471b7c9d441bb514c889a5818cc9 v20170617 
etcd           ${BLOCK_PATH}/etcd           git@github.com:imma/etcd           22fa64b2b6481aa61156f3d03d39cfdcd2b6baba v20170617 
linkerd        ${BLOCK_PATH}/linkerd        git@github.com:imma/linkerd        c8205e646a9c47ac14d7531c4b04873eead368d1 v20170617 
syslog-ng      ${BLOCK_PATH}/syslog-ng      git@github.com:imma/syslog-ng      a04ac0a0941f8f3b566a811ca2219707b52ba5b1 v20170617 
context        ${BLOCK_PATH}/context        git@github.com:imma/context        969fd3cb1259f4f81d5886cdbb8e6d6393d06b8c v20170617 
parity         ${BLOCK_PATH}/parity         git@github.com:imma/parity         07caabe2d5d14aab4cfbd861995adf44fd4fd8b0 v20170617 
docker-compose ${BLOCK_PATH}/docker-compose git@github.com:imma/docker-compose 5fb8460a2f5990b200b5cd1d7e60976bbfa92f3d v20170617 
docker-machine ${BLOCK_PATH}/docker-machine git@github.com:imma/docker-machine 3b0b03974bff1716064e43405404da07879dbe08 v20170617 
docker         ${BLOCK_PATH}/docker         git@github.com:imma/docker         e78c9e3279b08cd98168285ab4eb273fac14a22e v20170617 
codecommit     ${BLOCK_PATH}/codecommit     git@github.com:imma/codecommit     8eec67a72c734a41bb194cd993c992d80a34e3df v20170617 
buildkite      ${BLOCK_PATH}/buildkite      git@github.com:imma/buildkite      91698e227b6e005c8d93e8964efc55a49f0d0ba3 v20170617 
aws            ${BLOCK_PATH}/aws            git@github.com:imma/aws            97032b49e9653e6fd831f3a00d0a1f4367d65c01 v20170617 
awesome        ${BLOCK_PATH}/awesome        git@github.com:imma/awesome        d796317112f2624fdf91bee49e09f7f7c639e16f v20170617 
digitalocean   ${BLOCK_PATH}/digitalocean   git@github.com:imma/digitalocean   5c64684fa1614888db9a2eb93fdb0a835e0bbfb5 v20170617 
cloud          ${BLOCK_PATH}/cloud          git@github.com:imma/cloud          433419835cabd0d940e99c838a94d766a72ff83b v20170617 
imma           ${BLOCK_PATH}/imma           git@github.com:imma/imma           681f72e8acc4344d274edfbf1a4bcde5cb5c9d76 v20170617 
chef           ${BLOCK_PATH}/chef           git@github.com:imma/chef           613259e3c9f150bfa2d6d2625f09dffcb318a8a8 v20170617 
git            ${BLOCK_PATH}/git            git@github.com:imma/git            ba43458b97aef7991d1959d77faae1fda8e812ab v20170617 
github         ${BLOCK_PATH}/github         git@github.com:imma/github         0d82b16507290b9192971a46951c8f73e9bcb5de v20170617 
netdata        ${BLOCK_PATH}/netdata        git@github.com:imma/netdata        c480e644fbbee96119121a30a47693918f5af7e3 v20170617 
monitor        ${BLOCK_PATH}/monitor        git@github.com:imma/monitor        819b20fe47584ce98ecfd650b79be5b95b91e276 v20170617 
gpg            ${BLOCK_PATH}/gpg            git@github.com:imma/gpg            47dec4cf01eeb9e1ac8f8da028f650f5083b3b16 v20170617 
git-crypt      ${BLOCK_PATH}/git-crypt      git@github.com:imma/git-crypt      4996825cc917730980ba953cd10e85212b244bab v20170617 
go             ${BLOCK_PATH}/go             git@github.com:imma/go             2cf72713b6e05d7c246eb726f6b5b496e9ec9a98 v20170617 
cfssl          ${BLOCK_PATH}/cfssl          git@github.com:imma/cfssl          538e1d5599190ffaab59a40086a307023f4bb0d9 v20170617 
lastpass       ${BLOCK_PATH}/lastpass       git@github.com:imma/lastpass       c35365843c01e7ff0c41d9cab751498d790b6fbc v20170617 
credstash      ${BLOCK_PATH}/credstash      git@github.com:imma/credstash      806d66b4ed52351e39cc092e7d5207341fb42f99 v20170617 
vault          ${BLOCK_PATH}/vault          git@github.com:imma/vault          5dee156f74478467af25de4407f3cc64807687a8 v20170617 
getssl         ${BLOCK_PATH}/getssl         git@github.com:imma/getssl         35f3840654851f2855ebf5ab70724b2c39aaff72 v20170617 
crypto         ${BLOCK_PATH}/crypto         git@github.com:imma/crypto         7c444975c5c08f3791a2b26a5de1e3f6ce69e76f v20170617 
home           ${BLOCK_PATH}/home           git@github.com:imma/home           99415fe07b19aa6de78088f20e4892dcb6b3cb05 v20170617 
talign         ${BLOCK_PATH}/talign         git@github.com:imma/talign         0a6478a6e005c859dea798f608a8381c044312b8 v20170617 
defn           ${BLOCK_PATH}/defn           git@github.com:imma/defn           2ee3a9b54c99ddb58ff1be0b401a788f12b3844d v20170617 
junas          ${BLOCK_PATH}/junas          git@github.com:imma/junas          2ead0e38a547acfa79b3fe6b8f79bccf1629b1f6 v20170617 
cue            ${BLOCK_PATH}/cue            git@github.com:imma/cue            6ebd4c398683496267800665c7e18d1a5a02dd37 v20170617 
example        ${BLOCK_PATH}/example        git@github.com:imma/example        20fe3030063681895af3a3d8a5c3bfb22c809a3c v20170617 
nothing        ${BLOCK_PATH}/nothing        git@github.com:imma/nothing        1e22377cb3dc2322321ddb9f2dda739463099ac5 v20170617 
app            ${BLOCK_PATH}/app            git@github.com:imma/app            387e50f26e7a4a8652a61a6652569f41a030c0be v20170617 
