site           ${BLOCK_PATH}/site           git@github.com:imma/site           1a201d7847400deb19c729e46147be421146c539 develop 
jq             ${BLOCK_PATH}/jq             git@github.com:imma/jq             dbe05747d63b166a59abe182761efba531ea2b32 develop 
shflags        ${BLOCK_PATH}/shflags        git@github.com:imma/shflags        13758de68182760622dd14637f780683f2ca8466 develop 
normalize      ${BLOCK_PATH}/normalize      git@github.com:imma/normalize      b156ba1ec79f2da218d463c9b86f4192bcbeab54 develop 
bash-preexec   ${BLOCK_PATH}/bash-preexec   git@github.com:imma/bash-preexec   27a59a60ca7eb9231f0052e779b2a96387a3a725 develop 
sub            ${BLOCK_PATH}/sub            git@github.com:imma/sub            062a65e087e86659f212da82f0311815a12244f1 develop 
runmany        ${BLOCK_PATH}/runmany        git@github.com:imma/runmany        f138f78b689768490d4b9aa589bc02d80bc7079d develop 
block          ${BLOCK_PATH}/block          git@github.com:imma/block          6e9e00c7269523cb12c4f4a5b6b2cf30e680c84b develop 
ubuntu-config  ${BLOCK_PATH}/ubuntu-config  git@github.com:imma/ubuntu-config  c07d1b9cb46b3d93ff77c63b4e4d99cff8e81573 develop 
homebrew       ${BLOCK_PATH}/homebrew       git@github.com:imma/homebrew       70abc94acafa05236cfd704ab63632ef6de8038c develop 
java           ${BLOCK_PATH}/java           git@github.com:imma/java           09f725c41e6cc62fd828105dc2e71a28f44dcefd develop 
base           ${BLOCK_PATH}/base           git@github.com:imma/base           ab3ae22bf2ec4810aa0f5b4c78cabacb19fbe6ae develop 
pkgsrc         ${BLOCK_PATH}/pkgsrc         git@github.com:imma/pkgsrc         bb638228d5aad0fc82ce0f167fd01619c5729cd0 develop 
python         ${BLOCK_PATH}/python         git@github.com:imma/python         aa7afe4e1813fdf6e0938199bb3e93ad3fd26ad4 develop 
ansible        ${BLOCK_PATH}/ansible        git@github.com:imma/ansible        7a90268b6f5d4f34ce37fd88173b6d9b7aa09255 develop 
cache          ${BLOCK_PATH}/cache          git@github.com:imma/cache          a459c8ca0c88710583cf8b52e9e482def94bdab6 develop 
inventory      ${BLOCK_PATH}/inventory      git@github.com:imma/inventory      76ec08a46c205d78380830d81d4d68d9139a37a2 develop 
deploy         ${BLOCK_PATH}/deploy         git@github.com:imma/deploy         889927b22d01ba9116ae2c0cb9bdba244bad97d6 develop 
htop           ${BLOCK_PATH}/htop           git@github.com:imma/htop           36918cf01b385f47ed1e857d5139a27dc9b1366c develop 
sysadmin       ${BLOCK_PATH}/sysadmin       git@github.com:imma/sysadmin       26bc3ecc48302ae2fa927b9ef2de74624ce6f05c develop 
ruby           ${BLOCK_PATH}/ruby           git@github.com:imma/ruby           9dc7b8d5a6df6e8538b1388a72b8b1a00c1c39c6 develop 
curl           ${BLOCK_PATH}/curl           git@github.com:imma/curl           d86a9966a8b0b7aa5a85cb73b139847f9e4ce055 develop 
nodeenv        ${BLOCK_PATH}/nodeenv        git@github.com:imma/nodeenv        29401e313bca9abf28a83e1dcf0174b95488bcd0 develop 
node           ${BLOCK_PATH}/node           git@github.com:imma/node           8bdaed3f6d40f6a0efa1cfcbbfd999ea071d97b0 develop 
yarn           ${BLOCK_PATH}/yarn           git@github.com:imma/yarn           7361e9aa6c04ac52922a9e649dc9c3d9d8a535fc develop 
bash4          ${BLOCK_PATH}/bash4          git@github.com:imma/bash4          00cb2c6e43902ccc4ff92ae6ee06e0f46ee14908 develop 
runit          ${BLOCK_PATH}/runit          git@github.com:imma/runit          8947e2c384bdeee21c94455a23536928f35a1b46 develop 
service        ${BLOCK_PATH}/service        git@github.com:imma/service        3514336e1f75db34f9aa80139de795080d0e7337 develop 
sshd           ${BLOCK_PATH}/sshd           git@github.com:imma/sshd           570f92047ec6141c36ae071526f0f7b3f4e581f1 develop 
facts          ${BLOCK_PATH}/facts          git@github.com:imma/facts          c640273962fa4c4095e8b7f531caa94ac372438d develop 
consul         ${BLOCK_PATH}/consul         git@github.com:imma/consul         8b03a884895e1f8042aec6766316bf8694782d45 develop 
consul-agent   ${BLOCK_PATH}/consul-agent   git@github.com:imma/consul-agent   c78d0751aff2c417ce9b67c7504ff3ff2746ca46 develop 
linkerd        ${BLOCK_PATH}/linkerd        git@github.com:imma/linkerd        7188fd2b7ddeb1d4475ca05001764a0ab30bd096 develop 
syslog-ng      ${BLOCK_PATH}/syslog-ng      git@github.com:imma/syslog-ng      2eb227af3c85f684032bef87ed2f7dfbbc475bf2 develop 
context        ${BLOCK_PATH}/context        git@github.com:imma/context        a18ab2e5d9764c406272efd228b3a37fd6d1ebbc develop 
parity         ${BLOCK_PATH}/parity         git@github.com:imma/parity         932ae42c1975401fa8f2df8e1d9b77ce1ad90775 develop 
docker-compose ${BLOCK_PATH}/docker-compose git@github.com:imma/docker-compose a067e7b478fb29c06ec4d5f0c75ca86e8b820aa5 develop 
docker         ${BLOCK_PATH}/docker         git@github.com:imma/docker         eeb315e3e63ef037aa681a2f6e75c914ff9df0dd develop 
aws            ${BLOCK_PATH}/aws            git@github.com:imma/aws            369eab48bda95c56601651d010ca669f619301ea develop 
awesome        ${BLOCK_PATH}/awesome        git@github.com:imma/awesome        c01a2081b301b30ce22e0d5ce43a147b5496d04b develop 
imma           ${BLOCK_PATH}/imma           git@github.com:imma/imma           c94ebfa0b178284465d1bb9f016c90f474d444a3 develop 
fogg           ${BLOCK_PATH}/fogg           git@github.com:imma/fogg           ce266931639290937cacd4add002a028a6de96a0 develop 
gpg            ${BLOCK_PATH}/gpg            git@github.com:imma/gpg            190b7ceb1e5d54e41dc6cdfc914ecc3ec8e5f54c develop 
git-crypt      ${BLOCK_PATH}/git-crypt      git@github.com:imma/git-crypt      5edfb8a7ef8a97c8642e1b9b987309c23dd11a90 develop 
talign         ${BLOCK_PATH}/talign         git@github.com:imma/talign         1db084ed06de0c10679e2384c8f88be047934909 develop 
defn           ${BLOCK_PATH}/defn           git@github.com:imma/defn           22bce631d594895203413f620af71c14729114d3 develop 
admin          ${BLOCK_PATH}/admin          git@github.com:imma/admin          0102dc8fed723168bcf1cc075675ddda4f45fde1 develop 
netdata        ${BLOCK_PATH}/netdata        git@github.com:imma/netdata        ee36c2628dd2576c518f1881b8e1a118ca684fb5 develop 
monitor        ${BLOCK_PATH}/monitor        git@github.com:imma/monitor        4bfdc25c320385fa1d8d85a70a7df1c049ba0299 develop 
crypto         ${BLOCK_PATH}/crypto         git@github.com:imma/crypto         3645f1e1b963686812af0218debab1df74031eb7 develop 
home           ${BLOCK_PATH}/home           git@github.com:imma/home           bedd65fdf4899c892de0f33d4f87dc6ffef6b600 develop 
git            ${BLOCK_PATH}/git            git@github.com:imma/git            7ab025940249fcb1fb6bbde9ebd19a4ca66882f3 develop 
junas          ${BLOCK_PATH}/junas          git@github.com:imma/junas          60506feb5b7b907810ff62a9d3c327754a02c372 develop 
cue            ${BLOCK_PATH}/cue            git@github.com:imma/cue            d2e348d7877e1ac1d3f1d981e80564b67b773a7f develop 
